// !$*UTF8*$!
{
	archiveVersion = 1;
	classes = {
	};
	objectVersion = 56;
	objects = {

/* Begin PBXBuildFile section */
		7BB1B7EB2BDA2DC00097B518 /* ListCell.xib in Resources */ = {isa = PBXBuildFile; fileRef = 7BB1B7EA2BDA2DC00097B518 /* ListCell.xib */; };
		7BB1B7ED2BDA2DC50097B518 /* ListCell.swift in Sources */ = {isa = PBXBuildFile; fileRef = 7BB1B7EC2BDA2DC50097B518 /* ListCell.swift */; };
		7BB1B7EF2BDA2DC90097B518 /* CollectionViewCell.xib in Resources */ = {isa = PBXBuildFile; fileRef = 7BB1B7EE2BDA2DC90097B518 /* CollectionViewCell.xib */; };
		7BB1B7F12BDA2DCD0097B518 /* CollectionViewCell.swift in Sources */ = {isa = PBXBuildFile; fileRef = 7BB1B7F02BDA2DCD0097B518 /* CollectionViewCell.swift */; };
		7BB1B7F52BDA2DDB0097B518 /* Sion.storyboard in Resources */ = {isa = PBXBuildFile; fileRef = 7BB1B7F22BDA2DDB0097B518 /* Sion.storyboard */; };
		7BB1B7F62BDA2DDB0097B518 /* SampleData.swift in Sources */ = {isa = PBXBuildFile; fileRef = 7BB1B7F32BDA2DDB0097B518 /* SampleData.swift */; };
		7BB1B7F72BDA2DDB0097B518 /* SionViewController.swift in Sources */ = {isa = PBXBuildFile; fileRef = 7BB1B7F42BDA2DDB0097B518 /* SionViewController.swift */; };
		9CB740472BDA26FE009C1525 /* MyPageViewController.swift in Sources */ = {isa = PBXBuildFile; fileRef = 9CB740452BDA26FE009C1525 /* MyPageViewController.swift */; };
		9CB740512BDA4B9A009C1525 /* MyPageView.storyboard in Resources */ = {isa = PBXBuildFile; fileRef = 9CB740502BDA4B9A009C1525 /* MyPageView.storyboard */; };
		9CB740582BDA5970009C1525 /* BookingHistoryTableViewCell.swift in Sources */ = {isa = PBXBuildFile; fileRef = 9CB740562BDA5970009C1525 /* BookingHistoryTableViewCell.swift */; };
		9CB740592BDA5970009C1525 /* BookingHistoryTableViewCell.xib in Resources */ = {isa = PBXBuildFile; fileRef = 9CB740572BDA5970009C1525 /* BookingHistoryTableViewCell.xib */; };
		9CB7405C2BDA59D3009C1525 /* BookingStatusTableViewCell.swift in Sources */ = {isa = PBXBuildFile; fileRef = 9CB7405A2BDA59D3009C1525 /* BookingStatusTableViewCell.swift */; };
		9CB7405D2BDA59D3009C1525 /* BookingStatusTableViewCell.xib in Resources */ = {isa = PBXBuildFile; fileRef = 9CB7405B2BDA59D3009C1525 /* BookingStatusTableViewCell.xib */; };
		B55E00262BD67D2000896FF0 /* DetailPage.storyboard in Resources */ = {isa = PBXBuildFile; fileRef = B55E00252BD67D2000896FF0 /* DetailPage.storyboard */; };
		B55E00282BD67DBA00896FF0 /* DetailPageController.swift in Sources */ = {isa = PBXBuildFile; fileRef = B55E00272BD67DBA00896FF0 /* DetailPageController.swift */; };
		FF8F7CB62BD6349B001A046A /* AppDelegate.swift in Sources */ = {isa = PBXBuildFile; fileRef = FF8F7CB52BD6349B001A046A /* AppDelegate.swift */; };
		FF8F7CB82BD6349B001A046A /* SceneDelegate.swift in Sources */ = {isa = PBXBuildFile; fileRef = FF8F7CB72BD6349B001A046A /* SceneDelegate.swift */; };
		FF8F7CBA2BD6349B001A046A /* ViewController.swift in Sources */ = {isa = PBXBuildFile; fileRef = FF8F7CB92BD6349B001A046A /* ViewController.swift */; };
		FF8F7CC02BD6349B001A046A /* OttukiDinning.xcdatamodeld in Sources */ = {isa = PBXBuildFile; fileRef = FF8F7CBE2BD6349B001A046A /* OttukiDinning.xcdatamodeld */; };
		FF8F7CC22BD6349C001A046A /* Assets.xcassets in Resources */ = {isa = PBXBuildFile; fileRef = FF8F7CC12BD6349C001A046A /* Assets.xcassets */; };
		FF8F7CC52BD6349C001A046A /* Base in Resources */ = {isa = PBXBuildFile; fileRef = FF8F7CC42BD6349C001A046A /* Base */; };
		FF8F7CD02BD6349C001A046A /* OttukiDinningTests.swift in Sources */ = {isa = PBXBuildFile; fileRef = FF8F7CCF2BD6349C001A046A /* OttukiDinningTests.swift */; };
		FF8F7CDA2BD6349C001A046A /* OttukiDinningUITests.swift in Sources */ = {isa = PBXBuildFile; fileRef = FF8F7CD92BD6349C001A046A /* OttukiDinningUITests.swift */; };
		FF8F7CDC2BD6349C001A046A /* OttukiDinningUITestsLaunchTests.swift in Sources */ = {isa = PBXBuildFile; fileRef = FF8F7CDB2BD6349C001A046A /* OttukiDinningUITestsLaunchTests.swift */; };
		FF8F7CF32BD65892001A046A /* HomeViewController.swift in Sources */ = {isa = PBXBuildFile; fileRef = FF8F7CF22BD65892001A046A /* HomeViewController.swift */; };
		FF8F7CF52BD658A9001A046A /* HomeView.storyboard in Resources */ = {isa = PBXBuildFile; fileRef = FF8F7CF42BD658A9001A046A /* HomeView.storyboard */; };
		FF8F7CFB2BD65960001A046A /* NetworkManager.swift in Sources */ = {isa = PBXBuildFile; fileRef = FF8F7CFA2BD65960001A046A /* NetworkManager.swift */; };
		FF8F7CFE2BD65976001A046A /* RestaurantData.swift in Sources */ = {isa = PBXBuildFile; fileRef = FF8F7CFC2BD65976001A046A /* RestaurantData.swift */; };
		FF8F7D012BD67D77001A046A /* HomeCollectionViewCell.xib in Resources */ = {isa = PBXBuildFile; fileRef = FF8F7D002BD67D77001A046A /* HomeCollectionViewCell.xib */; };
		FF8F7D022BD67D77001A046A /* HomeCollectionViewCell.swift in Sources */ = {isa = PBXBuildFile; fileRef = FF8F7CFF2BD67D77001A046A /* HomeCollectionViewCell.swift */; };
		FF8F7D0D2BD7AEBB001A046A /* HorizontalViewCell.xib in Resources */ = {isa = PBXBuildFile; fileRef = FF8F7D0C2BD7AEBB001A046A /* HorizontalViewCell.xib */; };
		FF8F7D0E2BD7AEBB001A046A /* HorizontalViewCell.swift in Sources */ = {isa = PBXBuildFile; fileRef = FF8F7D0B2BD7AEBB001A046A /* HorizontalViewCell.swift */; };
		FF8F7D102BD7D056001A046A /* DetailView.storyboard in Resources */ = {isa = PBXBuildFile; fileRef = FF8F7D0F2BD7D056001A046A /* DetailView.storyboard */; };
		FF8F7D122BD7D073001A046A /* DetailViewController.swift in Sources */ = {isa = PBXBuildFile; fileRef = FF8F7D112BD7D073001A046A /* DetailViewController.swift */; };
		FF8F7D142BD7D843001A046A /* HomeCollectionViewCellDelegate.swift in Sources */ = {isa = PBXBuildFile; fileRef = FF8F7D132BD7D843001A046A /* HomeCollectionViewCellDelegate.swift */; };
		FF8F7D1F2BD953CB001A046A /* Main.storyboard in Resources */ = {isa = PBXBuildFile; fileRef = FF8F7D1E2BD953CB001A046A /* Main.storyboard */; };
		FF8F7D212BD953EA001A046A /* LogInViewController.swift in Sources */ = {isa = PBXBuildFile; fileRef = FF8F7D202BD953EA001A046A /* LogInViewController.swift */; };
		FF8F7D232BD953F2001A046A /* SignUpViewController.swift in Sources */ = {isa = PBXBuildFile; fileRef = FF8F7D222BD953F2001A046A /* SignUpViewController.swift */; };
		FF8F7D262BD95546001A046A /* (null) in Frameworks */ = {isa = PBXBuildFile; };
		FF8F7D292BD9556B001A046A /* (null) in Frameworks */ = {isa = PBXBuildFile; };
		FF8F7D452BDB9620001A046A /* ButtonManager.swift in Sources */ = {isa = PBXBuildFile; fileRef = FF8F7D442BDB9620001A046A /* ButtonManager.swift */; };
		FF8F7D482BDBC328001A046A /* KakaoSDKAuth in Frameworks */ = {isa = PBXBuildFile; productRef = 9CB7405F2BDB90CA009C1525 /* KakaoSDKAuth */; };
		FF8F7D492BDBC328001A046A /* KakaoSDKCommon in Frameworks */ = {isa = PBXBuildFile; productRef = 9CB740612BDB90CA009C1525 /* KakaoSDKCommon */; };
		FF8F7D4A2BDBC328001A046A /* KakaoSDKUser in Frameworks */ = {isa = PBXBuildFile; productRef = 9CB740632BDB90CA009C1525 /* KakaoSDKUser */; };
		FF8F7D4B2BDBC328001A046A /* Kingfisher in Frameworks */ = {isa = PBXBuildFile; productRef = 9CB740662BDB9263009C1525 /* Kingfisher */; };
/* End PBXBuildFile section */

/* Begin PBXContainerItemProxy section */
		FF8F7CCC2BD6349C001A046A /* PBXContainerItemProxy */ = {
			isa = PBXContainerItemProxy;
			containerPortal = FF8F7CAA2BD6349B001A046A /* Project object */;
			proxyType = 1;
			remoteGlobalIDString = FF8F7CB12BD6349B001A046A;
			remoteInfo = OttukiDinning;
		};
		FF8F7CD62BD6349C001A046A /* PBXContainerItemProxy */ = {
			isa = PBXContainerItemProxy;
			containerPortal = FF8F7CAA2BD6349B001A046A /* Project object */;
			proxyType = 1;
			remoteGlobalIDString = FF8F7CB12BD6349B001A046A;
			remoteInfo = OttukiDinning;
		};
/* End PBXContainerItemProxy section */

/* Begin PBXFileReference section */
		7BB1B7EA2BDA2DC00097B518 /* ListCell.xib */ = {isa = PBXFileReference; fileEncoding = 4; lastKnownFileType = file.xib; path = ListCell.xib; sourceTree = "<group>"; };
		7BB1B7EC2BDA2DC50097B518 /* ListCell.swift */ = {isa = PBXFileReference; fileEncoding = 4; lastKnownFileType = sourcecode.swift; path = ListCell.swift; sourceTree = "<group>"; };
		7BB1B7EE2BDA2DC90097B518 /* CollectionViewCell.xib */ = {isa = PBXFileReference; fileEncoding = 4; lastKnownFileType = file.xib; path = CollectionViewCell.xib; sourceTree = "<group>"; };
		7BB1B7F02BDA2DCD0097B518 /* CollectionViewCell.swift */ = {isa = PBXFileReference; fileEncoding = 4; lastKnownFileType = sourcecode.swift; path = CollectionViewCell.swift; sourceTree = "<group>"; };
		7BB1B7F22BDA2DDB0097B518 /* Sion.storyboard */ = {isa = PBXFileReference; fileEncoding = 4; lastKnownFileType = file.storyboard; path = Sion.storyboard; sourceTree = "<group>"; };
		7BB1B7F32BDA2DDB0097B518 /* SampleData.swift */ = {isa = PBXFileReference; fileEncoding = 4; lastKnownFileType = sourcecode.swift; path = SampleData.swift; sourceTree = "<group>"; };
		7BB1B7F42BDA2DDB0097B518 /* SionViewController.swift */ = {isa = PBXFileReference; fileEncoding = 4; lastKnownFileType = sourcecode.swift; path = SionViewController.swift; sourceTree = "<group>"; };
		9CB740452BDA26FE009C1525 /* MyPageViewController.swift */ = {isa = PBXFileReference; lastKnownFileType = sourcecode.swift; path = MyPageViewController.swift; sourceTree = "<group>"; };
		9CB740502BDA4B9A009C1525 /* MyPageView.storyboard */ = {isa = PBXFileReference; lastKnownFileType = file.storyboard; path = MyPageView.storyboard; sourceTree = "<group>"; };
		9CB740562BDA5970009C1525 /* BookingHistoryTableViewCell.swift */ = {isa = PBXFileReference; lastKnownFileType = sourcecode.swift; path = BookingHistoryTableViewCell.swift; sourceTree = "<group>"; };
		9CB740572BDA5970009C1525 /* BookingHistoryTableViewCell.xib */ = {isa = PBXFileReference; lastKnownFileType = file.xib; path = BookingHistoryTableViewCell.xib; sourceTree = "<group>"; };
		9CB7405A2BDA59D3009C1525 /* BookingStatusTableViewCell.swift */ = {isa = PBXFileReference; lastKnownFileType = sourcecode.swift; path = BookingStatusTableViewCell.swift; sourceTree = "<group>"; };
		9CB7405B2BDA59D3009C1525 /* BookingStatusTableViewCell.xib */ = {isa = PBXFileReference; lastKnownFileType = file.xib; path = BookingStatusTableViewCell.xib; sourceTree = "<group>"; };
		B55E00252BD67D2000896FF0 /* DetailPage.storyboard */ = {isa = PBXFileReference; lastKnownFileType = file.storyboard; path = DetailPage.storyboard; sourceTree = "<group>"; };
		B55E00272BD67DBA00896FF0 /* DetailPageController.swift */ = {isa = PBXFileReference; lastKnownFileType = sourcecode.swift; path = DetailPageController.swift; sourceTree = "<group>"; };
		FF8F7CB22BD6349B001A046A /* OttukiDinning.app */ = {isa = PBXFileReference; explicitFileType = wrapper.application; includeInIndex = 0; path = OttukiDinning.app; sourceTree = BUILT_PRODUCTS_DIR; };
		FF8F7CB52BD6349B001A046A /* AppDelegate.swift */ = {isa = PBXFileReference; lastKnownFileType = sourcecode.swift; path = AppDelegate.swift; sourceTree = "<group>"; };
		FF8F7CB72BD6349B001A046A /* SceneDelegate.swift */ = {isa = PBXFileReference; lastKnownFileType = sourcecode.swift; path = SceneDelegate.swift; sourceTree = "<group>"; };
		FF8F7CB92BD6349B001A046A /* ViewController.swift */ = {isa = PBXFileReference; lastKnownFileType = sourcecode.swift; path = ViewController.swift; sourceTree = "<group>"; };
		FF8F7CBF2BD6349B001A046A /* OttukiDinning.xcdatamodel */ = {isa = PBXFileReference; lastKnownFileType = wrapper.xcdatamodel; path = OttukiDinning.xcdatamodel; sourceTree = "<group>"; };
		FF8F7CC12BD6349C001A046A /* Assets.xcassets */ = {isa = PBXFileReference; lastKnownFileType = folder.assetcatalog; path = Assets.xcassets; sourceTree = "<group>"; };
		FF8F7CC42BD6349C001A046A /* Base */ = {isa = PBXFileReference; lastKnownFileType = file.storyboard; name = Base; path = Base.lproj/LaunchScreen.storyboard; sourceTree = "<group>"; };
		FF8F7CC62BD6349C001A046A /* Info.plist */ = {isa = PBXFileReference; lastKnownFileType = text.plist.xml; path = Info.plist; sourceTree = "<group>"; };
		FF8F7CCB2BD6349C001A046A /* OttukiDinningTests.xctest */ = {isa = PBXFileReference; explicitFileType = wrapper.cfbundle; includeInIndex = 0; path = OttukiDinningTests.xctest; sourceTree = BUILT_PRODUCTS_DIR; };
		FF8F7CCF2BD6349C001A046A /* OttukiDinningTests.swift */ = {isa = PBXFileReference; lastKnownFileType = sourcecode.swift; path = OttukiDinningTests.swift; sourceTree = "<group>"; };
		FF8F7CD52BD6349C001A046A /* OttukiDinningUITests.xctest */ = {isa = PBXFileReference; explicitFileType = wrapper.cfbundle; includeInIndex = 0; path = OttukiDinningUITests.xctest; sourceTree = BUILT_PRODUCTS_DIR; };
		FF8F7CD92BD6349C001A046A /* OttukiDinningUITests.swift */ = {isa = PBXFileReference; lastKnownFileType = sourcecode.swift; path = OttukiDinningUITests.swift; sourceTree = "<group>"; };
		FF8F7CDB2BD6349C001A046A /* OttukiDinningUITestsLaunchTests.swift */ = {isa = PBXFileReference; lastKnownFileType = sourcecode.swift; path = OttukiDinningUITestsLaunchTests.swift; sourceTree = "<group>"; };
		FF8F7CF22BD65892001A046A /* HomeViewController.swift */ = {isa = PBXFileReference; fileEncoding = 4; lastKnownFileType = sourcecode.swift; path = HomeViewController.swift; sourceTree = "<group>"; };
		FF8F7CF42BD658A9001A046A /* HomeView.storyboard */ = {isa = PBXFileReference; fileEncoding = 4; lastKnownFileType = file.storyboard; path = HomeView.storyboard; sourceTree = "<group>"; };
		FF8F7CFA2BD65960001A046A /* NetworkManager.swift */ = {isa = PBXFileReference; fileEncoding = 4; lastKnownFileType = sourcecode.swift; path = NetworkManager.swift; sourceTree = "<group>"; };
		FF8F7CFC2BD65976001A046A /* RestaurantData.swift */ = {isa = PBXFileReference; fileEncoding = 4; lastKnownFileType = sourcecode.swift; path = RestaurantData.swift; sourceTree = "<group>"; };
		FF8F7CFF2BD67D77001A046A /* HomeCollectionViewCell.swift */ = {isa = PBXFileReference; lastKnownFileType = sourcecode.swift; path = HomeCollectionViewCell.swift; sourceTree = "<group>"; };
		FF8F7D002BD67D77001A046A /* HomeCollectionViewCell.xib */ = {isa = PBXFileReference; lastKnownFileType = file.xib; path = HomeCollectionViewCell.xib; sourceTree = "<group>"; };
		FF8F7D0B2BD7AEBB001A046A /* HorizontalViewCell.swift */ = {isa = PBXFileReference; lastKnownFileType = sourcecode.swift; path = HorizontalViewCell.swift; sourceTree = "<group>"; };
		FF8F7D0C2BD7AEBB001A046A /* HorizontalViewCell.xib */ = {isa = PBXFileReference; lastKnownFileType = file.xib; path = HorizontalViewCell.xib; sourceTree = "<group>"; };
		FF8F7D0F2BD7D056001A046A /* DetailView.storyboard */ = {isa = PBXFileReference; lastKnownFileType = file.storyboard; path = DetailView.storyboard; sourceTree = "<group>"; };
		FF8F7D112BD7D073001A046A /* DetailViewController.swift */ = {isa = PBXFileReference; lastKnownFileType = sourcecode.swift; path = DetailViewController.swift; sourceTree = "<group>"; };
		FF8F7D132BD7D843001A046A /* HomeCollectionViewCellDelegate.swift */ = {isa = PBXFileReference; lastKnownFileType = sourcecode.swift; path = HomeCollectionViewCellDelegate.swift; sourceTree = "<group>"; };
		FF8F7D1E2BD953CB001A046A /* Main.storyboard */ = {isa = PBXFileReference; fileEncoding = 4; lastKnownFileType = file.storyboard; path = Main.storyboard; sourceTree = "<group>"; };
		FF8F7D202BD953EA001A046A /* LogInViewController.swift */ = {isa = PBXFileReference; fileEncoding = 4; lastKnownFileType = sourcecode.swift; path = LogInViewController.swift; sourceTree = "<group>"; };
		FF8F7D222BD953F2001A046A /* SignUpViewController.swift */ = {isa = PBXFileReference; fileEncoding = 4; lastKnownFileType = sourcecode.swift; path = SignUpViewController.swift; sourceTree = "<group>"; };
		FF8F7D442BDB9620001A046A /* ButtonManager.swift */ = {isa = PBXFileReference; lastKnownFileType = sourcecode.swift; path = ButtonManager.swift; sourceTree = "<group>"; };
/* End PBXFileReference section */

/* Begin PBXFrameworksBuildPhase section */
		FF8F7CAF2BD6349B001A046A /* Frameworks */ = {
			isa = PBXFrameworksBuildPhase;
			buildActionMask = 2147483647;
			files = (
				FF8F7D4B2BDBC328001A046A /* Kingfisher in Frameworks */,
				FF8F7D4A2BDBC328001A046A /* KakaoSDKUser in Frameworks */,
				FF8F7D492BDBC328001A046A /* KakaoSDKCommon in Frameworks */,
				FF8F7D482BDBC328001A046A /* KakaoSDKAuth in Frameworks */,
				FF8F7D262BD95546001A046A /* (null) in Frameworks */,
				FF8F7D292BD9556B001A046A /* (null) in Frameworks */,
			);
			runOnlyForDeploymentPostprocessing = 0;
		};
		FF8F7CC82BD6349C001A046A /* Frameworks */ = {
			isa = PBXFrameworksBuildPhase;
			buildActionMask = 2147483647;
			files = (
			);
			runOnlyForDeploymentPostprocessing = 0;
		};
		FF8F7CD22BD6349C001A046A /* Frameworks */ = {
			isa = PBXFrameworksBuildPhase;
			buildActionMask = 2147483647;
			files = (
			);
			runOnlyForDeploymentPostprocessing = 0;
		};
/* End PBXFrameworksBuildPhase section */

/* Begin PBXGroup section */
		9CB740682BDC1306009C1525 /* Views */ = {
			isa = PBXGroup;
			children = (
				FF8F7D1E2BD953CB001A046A /* Main.storyboard */,
				FF8F7CF42BD658A9001A046A /* HomeView.storyboard */,
				FF8F7D002BD67D77001A046A /* HomeCollectionViewCell.xib */,
				FF8F7D0C2BD7AEBB001A046A /* HorizontalViewCell.xib */,
				FF8F7D0F2BD7D056001A046A /* DetailView.storyboard */,
				7BB1B7F22BDA2DDB0097B518 /* Sion.storyboard */,
				7BB1B7EE2BDA2DC90097B518 /* CollectionViewCell.xib */,
				7BB1B7EC2BDA2DC50097B518 /* ListCell.swift */,
				7BB1B7EA2BDA2DC00097B518 /* ListCell.xib */,
				B55E00252BD67D2000896FF0 /* DetailPage.storyboard */,
				9CB740502BDA4B9A009C1525 /* MyPageView.storyboard */,
				9CB7405A2BDA59D3009C1525 /* BookingStatusTableViewCell.swift */,
				9CB7405B2BDA59D3009C1525 /* BookingStatusTableViewCell.xib */,
				9CB740562BDA5970009C1525 /* BookingHistoryTableViewCell.swift */,
				9CB740572BDA5970009C1525 /* BookingHistoryTableViewCell.xib */,
			);
			path = Views;
			sourceTree = "<group>";
		};
		9CB740692BDC130F009C1525 /* Controllers */ = {
			isa = PBXGroup;
			children = (
				7BB1B7F02BDA2DCD0097B518 /* CollectionViewCell.swift */,
				FF8F7CFF2BD67D77001A046A /* HomeCollectionViewCell.swift */,
				FF8F7D0B2BD7AEBB001A046A /* HorizontalViewCell.swift */,
				FF8F7D202BD953EA001A046A /* LogInViewController.swift */,
				FF8F7D222BD953F2001A046A /* SignUpViewController.swift */,
				FF8F7CF22BD65892001A046A /* HomeViewController.swift */,
				FF8F7D112BD7D073001A046A /* DetailViewController.swift */,
				7BB1B7F42BDA2DDB0097B518 /* SionViewController.swift */,
				B55E00272BD67DBA00896FF0 /* DetailPageController.swift */,
				9CB740452BDA26FE009C1525 /* MyPageViewController.swift */,
			);
			path = Controllers;
			sourceTree = "<group>";
		};
		FF8F7CA92BD6349B001A046A = {
			isa = PBXGroup;
			children = (
				FF8F7CB42BD6349B001A046A /* OttukiDinning */,
				FF8F7CCE2BD6349C001A046A /* OttukiDinningTests */,
				FF8F7CD82BD6349C001A046A /* OttukiDinningUITests */,
				FF8F7CB32BD6349B001A046A /* Products */,
			);
			sourceTree = "<group>";
		};
		FF8F7CB32BD6349B001A046A /* Products */ = {
			isa = PBXGroup;
			children = (
				FF8F7CB22BD6349B001A046A /* OttukiDinning.app */,
				FF8F7CCB2BD6349C001A046A /* OttukiDinningTests.xctest */,
				FF8F7CD52BD6349C001A046A /* OttukiDinningUITests.xctest */,
			);
			name = Products;
			sourceTree = "<group>";
		};
		FF8F7CB42BD6349B001A046A /* OttukiDinning */ = {
			isa = PBXGroup;
			children = (
				FF8F7CFD2BD65976001A046A /* Models */,
				9CB740682BDC1306009C1525 /* Views */,
				9CB740692BDC130F009C1525 /* Controllers */,
				FF8F7CB52BD6349B001A046A /* AppDelegate.swift */,
				FF8F7CB72BD6349B001A046A /* SceneDelegate.swift */,
				FF8F7CB92BD6349B001A046A /* ViewController.swift */,
				FF8F7CC12BD6349C001A046A /* Assets.xcassets */,
				FF8F7CC32BD6349C001A046A /* LaunchScreen.storyboard */,
				FF8F7CC62BD6349C001A046A /* Info.plist */,
				7BB1B7F32BDA2DDB0097B518 /* SampleData.swift */,
			);
			path = OttukiDinning;
			sourceTree = "<group>";
		};
		FF8F7CCE2BD6349C001A046A /* OttukiDinningTests */ = {
			isa = PBXGroup;
			children = (
				FF8F7CCF2BD6349C001A046A /* OttukiDinningTests.swift */,
			);
			path = OttukiDinningTests;
			sourceTree = "<group>";
		};
		FF8F7CD82BD6349C001A046A /* OttukiDinningUITests */ = {
			isa = PBXGroup;
			children = (
				FF8F7CD92BD6349C001A046A /* OttukiDinningUITests.swift */,
				FF8F7CDB2BD6349C001A046A /* OttukiDinningUITestsLaunchTests.swift */,
			);
			path = OttukiDinningUITests;
			sourceTree = "<group>";
		};
		FF8F7CFD2BD65976001A046A /* Models */ = {
			isa = PBXGroup;
			children = (
				FF8F7CBE2BD6349B001A046A /* OttukiDinning.xcdatamodeld */,
				FF8F7CFC2BD65976001A046A /* RestaurantData.swift */,
				FF8F7CFA2BD65960001A046A /* NetworkManager.swift */,
				FF8F7D442BDB9620001A046A /* ButtonManager.swift */,
				FF8F7D132BD7D843001A046A /* HomeCollectionViewCellDelegate.swift */,
			);
			path = Models;
			sourceTree = "<group>";
		};
/* End PBXGroup section */

/* Begin PBXNativeTarget section */
		FF8F7CB12BD6349B001A046A /* OttukiDinning */ = {
			isa = PBXNativeTarget;
			buildConfigurationList = FF8F7CDF2BD6349C001A046A /* Build configuration list for PBXNativeTarget "OttukiDinning" */;
			buildPhases = (
				FF8F7CAE2BD6349B001A046A /* Sources */,
				FF8F7CAF2BD6349B001A046A /* Frameworks */,
				FF8F7CB02BD6349B001A046A /* Resources */,
			);
			buildRules = (
			);
			dependencies = (
			);
			name = OttukiDinning;
			packageProductDependencies = (
				9CB7405F2BDB90CA009C1525 /* KakaoSDKAuth */,
				9CB740612BDB90CA009C1525 /* KakaoSDKCommon */,
				9CB740632BDB90CA009C1525 /* KakaoSDKUser */,
				9CB740662BDB9263009C1525 /* Kingfisher */,
			);
			productName = OttukiDinning;
			productReference = FF8F7CB22BD6349B001A046A /* OttukiDinning.app */;
			productType = "com.apple.product-type.application";
		};
		FF8F7CCA2BD6349C001A046A /* OttukiDinningTests */ = {
			isa = PBXNativeTarget;
			buildConfigurationList = FF8F7CE22BD6349C001A046A /* Build configuration list for PBXNativeTarget "OttukiDinningTests" */;
			buildPhases = (
				FF8F7CC72BD6349C001A046A /* Sources */,
				FF8F7CC82BD6349C001A046A /* Frameworks */,
				FF8F7CC92BD6349C001A046A /* Resources */,
			);
			buildRules = (
			);
			dependencies = (
				FF8F7CCD2BD6349C001A046A /* PBXTargetDependency */,
			);
			name = OttukiDinningTests;
			productName = OttukiDinningTests;
			productReference = FF8F7CCB2BD6349C001A046A /* OttukiDinningTests.xctest */;
			productType = "com.apple.product-type.bundle.unit-test";
		};
		FF8F7CD42BD6349C001A046A /* OttukiDinningUITests */ = {
			isa = PBXNativeTarget;
			buildConfigurationList = FF8F7CE52BD6349C001A046A /* Build configuration list for PBXNativeTarget "OttukiDinningUITests" */;
			buildPhases = (
				FF8F7CD12BD6349C001A046A /* Sources */,
				FF8F7CD22BD6349C001A046A /* Frameworks */,
				FF8F7CD32BD6349C001A046A /* Resources */,
			);
			buildRules = (
			);
			dependencies = (
				FF8F7CD72BD6349C001A046A /* PBXTargetDependency */,
			);
			name = OttukiDinningUITests;
			productName = OttukiDinningUITests;
			productReference = FF8F7CD52BD6349C001A046A /* OttukiDinningUITests.xctest */;
			productType = "com.apple.product-type.bundle.ui-testing";
		};
/* End PBXNativeTarget section */

/* Begin PBXProject section */
		FF8F7CAA2BD6349B001A046A /* Project object */ = {
			isa = PBXProject;
			attributes = {
				BuildIndependentTargetsInParallel = 1;
				LastSwiftUpdateCheck = 1530;
				LastUpgradeCheck = 1530;
				TargetAttributes = {
					FF8F7CB12BD6349B001A046A = {
						CreatedOnToolsVersion = 15.3;
					};
					FF8F7CCA2BD6349C001A046A = {
						CreatedOnToolsVersion = 15.3;
						TestTargetID = FF8F7CB12BD6349B001A046A;
					};
					FF8F7CD42BD6349C001A046A = {
						CreatedOnToolsVersion = 15.3;
						TestTargetID = FF8F7CB12BD6349B001A046A;
					};
				};
			};
			buildConfigurationList = FF8F7CAD2BD6349B001A046A /* Build configuration list for PBXProject "OttukiDinning" */;
			compatibilityVersion = "Xcode 14.0";
			developmentRegion = en;
			hasScannedForEncodings = 0;
			knownRegions = (
				en,
				Base,
			);
			mainGroup = FF8F7CA92BD6349B001A046A;
			packageReferences = (
				9CB7405E2BDB90CA009C1525 /* XCRemoteSwiftPackageReference "kakao-ios-sdk" */,
				9CB740652BDB9263009C1525 /* XCRemoteSwiftPackageReference "Kingfisher" */,
			);
			productRefGroup = FF8F7CB32BD6349B001A046A /* Products */;
			projectDirPath = "";
			projectRoot = "";
			targets = (
				FF8F7CB12BD6349B001A046A /* OttukiDinning */,
				FF8F7CCA2BD6349C001A046A /* OttukiDinningTests */,
				FF8F7CD42BD6349C001A046A /* OttukiDinningUITests */,
			);
		};
/* End PBXProject section */

/* Begin PBXResourcesBuildPhase section */
		FF8F7CB02BD6349B001A046A /* Resources */ = {
			isa = PBXResourcesBuildPhase;
			buildActionMask = 2147483647;
			files = (
				B55E00262BD67D2000896FF0 /* DetailPage.storyboard in Resources */,
				9CB740592BDA5970009C1525 /* BookingHistoryTableViewCell.xib in Resources */,
				FF8F7D012BD67D77001A046A /* HomeCollectionViewCell.xib in Resources */,
				7BB1B7EB2BDA2DC00097B518 /* ListCell.xib in Resources */,
				FF8F7CC22BD6349C001A046A /* Assets.xcassets in Resources */,
				9CB740512BDA4B9A009C1525 /* MyPageView.storyboard in Resources */,
				FF8F7D102BD7D056001A046A /* DetailView.storyboard in Resources */,
				9CB7405D2BDA59D3009C1525 /* BookingStatusTableViewCell.xib in Resources */,
				FF8F7D1F2BD953CB001A046A /* Main.storyboard in Resources */,
				FF8F7D0D2BD7AEBB001A046A /* HorizontalViewCell.xib in Resources */,
				FF8F7CC52BD6349C001A046A /* Base in Resources */,
				FF8F7CF52BD658A9001A046A /* HomeView.storyboard in Resources */,
				7BB1B7EF2BDA2DC90097B518 /* CollectionViewCell.xib in Resources */,
				7BB1B7F52BDA2DDB0097B518 /* Sion.storyboard in Resources */,
			);
			runOnlyForDeploymentPostprocessing = 0;
		};
		FF8F7CC92BD6349C001A046A /* Resources */ = {
			isa = PBXResourcesBuildPhase;
			buildActionMask = 2147483647;
			files = (
			);
			runOnlyForDeploymentPostprocessing = 0;
		};
		FF8F7CD32BD6349C001A046A /* Resources */ = {
			isa = PBXResourcesBuildPhase;
			buildActionMask = 2147483647;
			files = (
			);
			runOnlyForDeploymentPostprocessing = 0;
		};
/* End PBXResourcesBuildPhase section */

/* Begin PBXSourcesBuildPhase section */
		FF8F7CAE2BD6349B001A046A /* Sources */ = {
			isa = PBXSourcesBuildPhase;
			buildActionMask = 2147483647;
			files = (
				B55E00282BD67DBA00896FF0 /* DetailPageController.swift in Sources */,
				FF8F7CF32BD65892001A046A /* HomeViewController.swift in Sources */,
				FF8F7D0E2BD7AEBB001A046A /* HorizontalViewCell.swift in Sources */,
				FF8F7CBA2BD6349B001A046A /* ViewController.swift in Sources */,
				7BB1B7ED2BDA2DC50097B518 /* ListCell.swift in Sources */,
				FF8F7CFE2BD65976001A046A /* RestaurantData.swift in Sources */,
				7BB1B7F12BDA2DCD0097B518 /* CollectionViewCell.swift in Sources */,
				FF8F7CFB2BD65960001A046A /* NetworkManager.swift in Sources */,
				7BB1B7F72BDA2DDB0097B518 /* SionViewController.swift in Sources */,
				7BB1B7F62BDA2DDB0097B518 /* SampleData.swift in Sources */,
				FF8F7CC02BD6349B001A046A /* OttukiDinning.xcdatamodeld in Sources */,
				9CB7405C2BDA59D3009C1525 /* BookingStatusTableViewCell.swift in Sources */,
				FF8F7CB62BD6349B001A046A /* AppDelegate.swift in Sources */,
				FF8F7D452BDB9620001A046A /* ButtonManager.swift in Sources */,
				FF8F7D122BD7D073001A046A /* DetailViewController.swift in Sources */,
				FF8F7D212BD953EA001A046A /* LogInViewController.swift in Sources */,
				9CB740472BDA26FE009C1525 /* MyPageViewController.swift in Sources */,
				FF8F7D142BD7D843001A046A /* HomeCollectionViewCellDelegate.swift in Sources */,
				FF8F7CB82BD6349B001A046A /* SceneDelegate.swift in Sources */,
				FF8F7D232BD953F2001A046A /* SignUpViewController.swift in Sources */,
				9CB740582BDA5970009C1525 /* BookingHistoryTableViewCell.swift in Sources */,
				FF8F7D022BD67D77001A046A /* HomeCollectionViewCell.swift in Sources */,
			);
			runOnlyForDeploymentPostprocessing = 0;
		};
		FF8F7CC72BD6349C001A046A /* Sources */ = {
			isa = PBXSourcesBuildPhase;
			buildActionMask = 2147483647;
			files = (
				FF8F7CD02BD6349C001A046A /* OttukiDinningTests.swift in Sources */,
			);
			runOnlyForDeploymentPostprocessing = 0;
		};
		FF8F7CD12BD6349C001A046A /* Sources */ = {
			isa = PBXSourcesBuildPhase;
			buildActionMask = 2147483647;
			files = (
				FF8F7CDC2BD6349C001A046A /* OttukiDinningUITestsLaunchTests.swift in Sources */,
				FF8F7CDA2BD6349C001A046A /* OttukiDinningUITests.swift in Sources */,
			);
			runOnlyForDeploymentPostprocessing = 0;
		};
/* End PBXSourcesBuildPhase section */

/* Begin PBXTargetDependency section */
		FF8F7CCD2BD6349C001A046A /* PBXTargetDependency */ = {
			isa = PBXTargetDependency;
			target = FF8F7CB12BD6349B001A046A /* OttukiDinning */;
			targetProxy = FF8F7CCC2BD6349C001A046A /* PBXContainerItemProxy */;
		};
		FF8F7CD72BD6349C001A046A /* PBXTargetDependency */ = {
			isa = PBXTargetDependency;
			target = FF8F7CB12BD6349B001A046A /* OttukiDinning */;
			targetProxy = FF8F7CD62BD6349C001A046A /* PBXContainerItemProxy */;
		};
/* End PBXTargetDependency section */

/* Begin PBXVariantGroup section */
		FF8F7CC32BD6349C001A046A /* LaunchScreen.storyboard */ = {
			isa = PBXVariantGroup;
			children = (
				FF8F7CC42BD6349C001A046A /* Base */,
			);
			name = LaunchScreen.storyboard;
			sourceTree = "<group>";
		};
/* End PBXVariantGroup section */

/* Begin XCBuildConfiguration section */
		FF8F7CDD2BD6349C001A046A /* Debug */ = {
			isa = XCBuildConfiguration;
			buildSettings = {
				ALWAYS_SEARCH_USER_PATHS = NO;
				ASSETCATALOG_COMPILER_GENERATE_SWIFT_ASSET_SYMBOL_EXTENSIONS = YES;
				CLANG_ANALYZER_NONNULL = YES;
				CLANG_ANALYZER_NUMBER_OBJECT_CONVERSION = YES_AGGRESSIVE;
				CLANG_CXX_LANGUAGE_STANDARD = "gnu++20";
				CLANG_ENABLE_MODULES = YES;
				CLANG_ENABLE_OBJC_ARC = YES;
				CLANG_ENABLE_OBJC_WEAK = YES;
				CLANG_WARN_BLOCK_CAPTURE_AUTORELEASING = YES;
				CLANG_WARN_BOOL_CONVERSION = YES;
				CLANG_WARN_COMMA = YES;
				CLANG_WARN_CONSTANT_CONVERSION = YES;
				CLANG_WARN_DEPRECATED_OBJC_IMPLEMENTATIONS = YES;
				CLANG_WARN_DIRECT_OBJC_ISA_USAGE = YES_ERROR;
				CLANG_WARN_DOCUMENTATION_COMMENTS = YES;
				CLANG_WARN_EMPTY_BODY = YES;
				CLANG_WARN_ENUM_CONVERSION = YES;
				CLANG_WARN_INFINITE_RECURSION = YES;
				CLANG_WARN_INT_CONVERSION = YES;
				CLANG_WARN_NON_LITERAL_NULL_CONVERSION = YES;
				CLANG_WARN_OBJC_IMPLICIT_RETAIN_SELF = YES;
				CLANG_WARN_OBJC_LITERAL_CONVERSION = YES;
				CLANG_WARN_OBJC_ROOT_CLASS = YES_ERROR;
				CLANG_WARN_QUOTED_INCLUDE_IN_FRAMEWORK_HEADER = YES;
				CLANG_WARN_RANGE_LOOP_ANALYSIS = YES;
				CLANG_WARN_STRICT_PROTOTYPES = YES;
				CLANG_WARN_SUSPICIOUS_MOVE = YES;
				CLANG_WARN_UNGUARDED_AVAILABILITY = YES_AGGRESSIVE;
				CLANG_WARN_UNREACHABLE_CODE = YES;
				CLANG_WARN__DUPLICATE_METHOD_MATCH = YES;
				COPY_PHASE_STRIP = NO;
				DEBUG_INFORMATION_FORMAT = dwarf;
				ENABLE_STRICT_OBJC_MSGSEND = YES;
				ENABLE_TESTABILITY = YES;
				ENABLE_USER_SCRIPT_SANDBOXING = YES;
				GCC_C_LANGUAGE_STANDARD = gnu17;
				GCC_DYNAMIC_NO_PIC = NO;
				GCC_NO_COMMON_BLOCKS = YES;
				GCC_OPTIMIZATION_LEVEL = 0;
				GCC_PREPROCESSOR_DEFINITIONS = (
					"DEBUG=1",
					"$(inherited)",
				);
				GCC_WARN_64_TO_32_BIT_CONVERSION = YES;
				GCC_WARN_ABOUT_RETURN_TYPE = YES_ERROR;
				GCC_WARN_UNDECLARED_SELECTOR = YES;
				GCC_WARN_UNINITIALIZED_AUTOS = YES_AGGRESSIVE;
				GCC_WARN_UNUSED_FUNCTION = YES;
				GCC_WARN_UNUSED_VARIABLE = YES;
				IPHONEOS_DEPLOYMENT_TARGET = 17.4;
				LOCALIZATION_PREFERS_STRING_CATALOGS = YES;
				MTL_ENABLE_DEBUG_INFO = INCLUDE_SOURCE;
				MTL_FAST_MATH = YES;
				ONLY_ACTIVE_ARCH = YES;
				SDKROOT = iphoneos;
				SWIFT_ACTIVE_COMPILATION_CONDITIONS = "DEBUG $(inherited)";
				SWIFT_OPTIMIZATION_LEVEL = "-Onone";
			};
			name = Debug;
		};
		FF8F7CDE2BD6349C001A046A /* Release */ = {
			isa = XCBuildConfiguration;
			buildSettings = {
				ALWAYS_SEARCH_USER_PATHS = NO;
				ASSETCATALOG_COMPILER_GENERATE_SWIFT_ASSET_SYMBOL_EXTENSIONS = YES;
				CLANG_ANALYZER_NONNULL = YES;
				CLANG_ANALYZER_NUMBER_OBJECT_CONVERSION = YES_AGGRESSIVE;
				CLANG_CXX_LANGUAGE_STANDARD = "gnu++20";
				CLANG_ENABLE_MODULES = YES;
				CLANG_ENABLE_OBJC_ARC = YES;
				CLANG_ENABLE_OBJC_WEAK = YES;
				CLANG_WARN_BLOCK_CAPTURE_AUTORELEASING = YES;
				CLANG_WARN_BOOL_CONVERSION = YES;
				CLANG_WARN_COMMA = YES;
				CLANG_WARN_CONSTANT_CONVERSION = YES;
				CLANG_WARN_DEPRECATED_OBJC_IMPLEMENTATIONS = YES;
				CLANG_WARN_DIRECT_OBJC_ISA_USAGE = YES_ERROR;
				CLANG_WARN_DOCUMENTATION_COMMENTS = YES;
				CLANG_WARN_EMPTY_BODY = YES;
				CLANG_WARN_ENUM_CONVERSION = YES;
				CLANG_WARN_INFINITE_RECURSION = YES;
				CLANG_WARN_INT_CONVERSION = YES;
				CLANG_WARN_NON_LITERAL_NULL_CONVERSION = YES;
				CLANG_WARN_OBJC_IMPLICIT_RETAIN_SELF = YES;
				CLANG_WARN_OBJC_LITERAL_CONVERSION = YES;
				CLANG_WARN_OBJC_ROOT_CLASS = YES_ERROR;
				CLANG_WARN_QUOTED_INCLUDE_IN_FRAMEWORK_HEADER = YES;
				CLANG_WARN_RANGE_LOOP_ANALYSIS = YES;
				CLANG_WARN_STRICT_PROTOTYPES = YES;
				CLANG_WARN_SUSPICIOUS_MOVE = YES;
				CLANG_WARN_UNGUARDED_AVAILABILITY = YES_AGGRESSIVE;
				CLANG_WARN_UNREACHABLE_CODE = YES;
				CLANG_WARN__DUPLICATE_METHOD_MATCH = YES;
				COPY_PHASE_STRIP = NO;
				DEBUG_INFORMATION_FORMAT = "dwarf-with-dsym";
				ENABLE_NS_ASSERTIONS = NO;
				ENABLE_STRICT_OBJC_MSGSEND = YES;
				ENABLE_USER_SCRIPT_SANDBOXING = YES;
				GCC_C_LANGUAGE_STANDARD = gnu17;
				GCC_NO_COMMON_BLOCKS = YES;
				GCC_WARN_64_TO_32_BIT_CONVERSION = YES;
				GCC_WARN_ABOUT_RETURN_TYPE = YES_ERROR;
				GCC_WARN_UNDECLARED_SELECTOR = YES;
				GCC_WARN_UNINITIALIZED_AUTOS = YES_AGGRESSIVE;
				GCC_WARN_UNUSED_FUNCTION = YES;
				GCC_WARN_UNUSED_VARIABLE = YES;
				IPHONEOS_DEPLOYMENT_TARGET = 17.4;
				LOCALIZATION_PREFERS_STRING_CATALOGS = YES;
				MTL_ENABLE_DEBUG_INFO = NO;
				MTL_FAST_MATH = YES;
				SDKROOT = iphoneos;
				SWIFT_COMPILATION_MODE = wholemodule;
				VALIDATE_PRODUCT = YES;
			};
			name = Release;
		};
		FF8F7CE02BD6349C001A046A /* Debug */ = {
			isa = XCBuildConfiguration;
			buildSettings = {
				ASSETCATALOG_COMPILER_APPICON_NAME = AppIcon;
				ASSETCATALOG_COMPILER_GLOBAL_ACCENT_COLOR_NAME = AccentColor;
				CODE_SIGN_STYLE = Automatic;
				CURRENT_PROJECT_VERSION = 1;
				DEVELOPMENT_TEAM = 5259JUBP8W;
				GENERATE_INFOPLIST_FILE = YES;
				INFOPLIST_FILE = OttukiDinning/Info.plist;
				INFOPLIST_KEY_UIApplicationSupportsIndirectInputEvents = YES;
				INFOPLIST_KEY_UILaunchStoryboardName = LaunchScreen;
				INFOPLIST_KEY_UIMainStoryboardFile = Main;
				INFOPLIST_KEY_UISupportedInterfaceOrientations_iPad = "UIInterfaceOrientationPortrait UIInterfaceOrientationPortraitUpsideDown UIInterfaceOrientationLandscapeLeft UIInterfaceOrientationLandscapeRight";
				INFOPLIST_KEY_UISupportedInterfaceOrientations_iPhone = "UIInterfaceOrientationPortrait UIInterfaceOrientationLandscapeLeft UIInterfaceOrientationLandscapeRight";
				IPHONEOS_DEPLOYMENT_TARGET = 15.0;
				LD_RUNPATH_SEARCH_PATHS = (
					"$(inherited)",
					"@executable_path/Frameworks",
				);
				MARKETING_VERSION = 1.0;
				PRODUCT_BUNDLE_IDENTIFIER = com.jun.OttukiDinning;
				PRODUCT_NAME = "$(TARGET_NAME)";
				SWIFT_EMIT_LOC_STRINGS = YES;
				SWIFT_VERSION = 5.0;
				TARGETED_DEVICE_FAMILY = "1,2";
			};
			name = Debug;
		};
		FF8F7CE12BD6349C001A046A /* Release */ = {
			isa = XCBuildConfiguration;
			buildSettings = {
				ASSETCATALOG_COMPILER_APPICON_NAME = AppIcon;
				ASSETCATALOG_COMPILER_GLOBAL_ACCENT_COLOR_NAME = AccentColor;
				CODE_SIGN_STYLE = Automatic;
				CURRENT_PROJECT_VERSION = 1;
				DEVELOPMENT_TEAM = 5259JUBP8W;
				GENERATE_INFOPLIST_FILE = YES;
				INFOPLIST_FILE = OttukiDinning/Info.plist;
				INFOPLIST_KEY_UIApplicationSupportsIndirectInputEvents = YES;
				INFOPLIST_KEY_UILaunchStoryboardName = LaunchScreen;
				INFOPLIST_KEY_UIMainStoryboardFile = Main;
				INFOPLIST_KEY_UISupportedInterfaceOrientations_iPad = "UIInterfaceOrientationPortrait UIInterfaceOrientationPortraitUpsideDown UIInterfaceOrientationLandscapeLeft UIInterfaceOrientationLandscapeRight";
				INFOPLIST_KEY_UISupportedInterfaceOrientations_iPhone = "UIInterfaceOrientationPortrait UIInterfaceOrientationLandscapeLeft UIInterfaceOrientationLandscapeRight";
				IPHONEOS_DEPLOYMENT_TARGET = 15.0;
				LD_RUNPATH_SEARCH_PATHS = (
					"$(inherited)",
					"@executable_path/Frameworks",
				);
				MARKETING_VERSION = 1.0;
				PRODUCT_BUNDLE_IDENTIFIER = com.jun.OttukiDinning;
				PRODUCT_NAME = "$(TARGET_NAME)";
				SWIFT_EMIT_LOC_STRINGS = YES;
				SWIFT_VERSION = 5.0;
				TARGETED_DEVICE_FAMILY = "1,2";
			};
			name = Release;
		};
		FF8F7CE32BD6349C001A046A /* Debug */ = {
			isa = XCBuildConfiguration;
			buildSettings = {
				ALWAYS_EMBED_SWIFT_STANDARD_LIBRARIES = YES;
				BUNDLE_LOADER = "$(TEST_HOST)";
				CODE_SIGN_STYLE = Automatic;
				CURRENT_PROJECT_VERSION = 1;
				DEVELOPMENT_TEAM = 5259JUBP8W;
				GENERATE_INFOPLIST_FILE = YES;
				IPHONEOS_DEPLOYMENT_TARGET = 17.4;
				MARKETING_VERSION = 1.0;
				PRODUCT_BUNDLE_IDENTIFIER = com.OttukiCurry.OttukiDinningTests;
				PRODUCT_NAME = "$(TARGET_NAME)";
				SWIFT_EMIT_LOC_STRINGS = NO;
				SWIFT_VERSION = 5.0;
				TARGETED_DEVICE_FAMILY = "1,2";
				TEST_HOST = "$(BUILT_PRODUCTS_DIR)/OttukiDinning.app/$(BUNDLE_EXECUTABLE_FOLDER_PATH)/OttukiDinning";
			};
			name = Debug;
		};
		FF8F7CE42BD6349C001A046A /* Release */ = {
			isa = XCBuildConfiguration;
			buildSettings = {
				ALWAYS_EMBED_SWIFT_STANDARD_LIBRARIES = YES;
				BUNDLE_LOADER = "$(TEST_HOST)";
				CODE_SIGN_STYLE = Automatic;
				CURRENT_PROJECT_VERSION = 1;
				DEVELOPMENT_TEAM = 5259JUBP8W;
				GENERATE_INFOPLIST_FILE = YES;
				IPHONEOS_DEPLOYMENT_TARGET = 17.4;
				MARKETING_VERSION = 1.0;
				PRODUCT_BUNDLE_IDENTIFIER = com.OttukiCurry.OttukiDinningTests;
				PRODUCT_NAME = "$(TARGET_NAME)";
				SWIFT_EMIT_LOC_STRINGS = NO;
				SWIFT_VERSION = 5.0;
				TARGETED_DEVICE_FAMILY = "1,2";
				TEST_HOST = "$(BUILT_PRODUCTS_DIR)/OttukiDinning.app/$(BUNDLE_EXECUTABLE_FOLDER_PATH)/OttukiDinning";
			};
			name = Release;
		};
		FF8F7CE62BD6349C001A046A /* Debug */ = {
			isa = XCBuildConfiguration;
			buildSettings = {
				ALWAYS_EMBED_SWIFT_STANDARD_LIBRARIES = YES;
				CODE_SIGN_STYLE = Automatic;
				CURRENT_PROJECT_VERSION = 1;
				DEVELOPMENT_TEAM = 5259JUBP8W;
				GENERATE_INFOPLIST_FILE = YES;
				MARKETING_VERSION = 1.0;
				PRODUCT_BUNDLE_IDENTIFIER = com.OttukiCurry.OttukiDinningUITests;
				PRODUCT_NAME = "$(TARGET_NAME)";
				SWIFT_EMIT_LOC_STRINGS = NO;
				SWIFT_VERSION = 5.0;
				TARGETED_DEVICE_FAMILY = "1,2";
				TEST_TARGET_NAME = OttukiDinning;
			};
			name = Debug;
		};
		FF8F7CE72BD6349C001A046A /* Release */ = {
			isa = XCBuildConfiguration;
			buildSettings = {
				ALWAYS_EMBED_SWIFT_STANDARD_LIBRARIES = YES;
				CODE_SIGN_STYLE = Automatic;
				CURRENT_PROJECT_VERSION = 1;
				DEVELOPMENT_TEAM = 5259JUBP8W;
				GENERATE_INFOPLIST_FILE = YES;
				MARKETING_VERSION = 1.0;
				PRODUCT_BUNDLE_IDENTIFIER = com.OttukiCurry.OttukiDinningUITests;
				PRODUCT_NAME = "$(TARGET_NAME)";
				SWIFT_EMIT_LOC_STRINGS = NO;
				SWIFT_VERSION = 5.0;
				TARGETED_DEVICE_FAMILY = "1,2";
				TEST_TARGET_NAME = OttukiDinning;
			};
			name = Release;
		};
/* End XCBuildConfiguration section */

/* Begin XCConfigurationList section */
		FF8F7CAD2BD6349B001A046A /* Build configuration list for PBXProject "OttukiDinning" */ = {
			isa = XCConfigurationList;
			buildConfigurations = (
				FF8F7CDD2BD6349C001A046A /* Debug */,
				FF8F7CDE2BD6349C001A046A /* Release */,
			);
			defaultConfigurationIsVisible = 0;
			defaultConfigurationName = Release;
		};
		FF8F7CDF2BD6349C001A046A /* Build configuration list for PBXNativeTarget "OttukiDinning" */ = {
			isa = XCConfigurationList;
			buildConfigurations = (
				FF8F7CE02BD6349C001A046A /* Debug */,
				FF8F7CE12BD6349C001A046A /* Release */,
			);
			defaultConfigurationIsVisible = 0;
			defaultConfigurationName = Release;
		};
		FF8F7CE22BD6349C001A046A /* Build configuration list for PBXNativeTarget "OttukiDinningTests" */ = {
			isa = XCConfigurationList;
			buildConfigurations = (
				FF8F7CE32BD6349C001A046A /* Debug */,
				FF8F7CE42BD6349C001A046A /* Release */,
			);
			defaultConfigurationIsVisible = 0;
			defaultConfigurationName = Release;
		};
		FF8F7CE52BD6349C001A046A /* Build configuration list for PBXNativeTarget "OttukiDinningUITests" */ = {
			isa = XCConfigurationList;
			buildConfigurations = (
				FF8F7CE62BD6349C001A046A /* Debug */,
				FF8F7CE72BD6349C001A046A /* Release */,
			);
			defaultConfigurationIsVisible = 0;
			defaultConfigurationName = Release;
		};
/* End XCConfigurationList section */

/* Begin XCRemoteSwiftPackageReference section */
		9CB7405E2BDB90CA009C1525 /* XCRemoteSwiftPackageReference "kakao-ios-sdk" */ = {
			isa = XCRemoteSwiftPackageReference;
			repositoryURL = "https://github.com/kakao/kakao-ios-sdk";
			requirement = {
				kind = upToNextMajorVersion;
				minimumVersion = 2.22.1;
			};
		};
		9CB740652BDB9263009C1525 /* XCRemoteSwiftPackageReference "Kingfisher" */ = {
			isa = XCRemoteSwiftPackageReference;
			repositoryURL = "https://github.com/onevcat/Kingfisher.git";
			requirement = {
				kind = upToNextMajorVersion;
				minimumVersion = 7.11.0;
			};
		};
/* End XCRemoteSwiftPackageReference section */

/* Begin XCSwiftPackageProductDependency section */
		9CB7405F2BDB90CA009C1525 /* KakaoSDKAuth */ = {
			isa = XCSwiftPackageProductDependency;
			package = 9CB7405E2BDB90CA009C1525 /* XCRemoteSwiftPackageReference "kakao-ios-sdk" */;
			productName = KakaoSDKAuth;
		};
		9CB740612BDB90CA009C1525 /* KakaoSDKCommon */ = {
			isa = XCSwiftPackageProductDependency;
			package = 9CB7405E2BDB90CA009C1525 /* XCRemoteSwiftPackageReference "kakao-ios-sdk" */;
			productName = KakaoSDKCommon;
		};
		9CB740632BDB90CA009C1525 /* KakaoSDKUser */ = {
			isa = XCSwiftPackageProductDependency;
			package = 9CB7405E2BDB90CA009C1525 /* XCRemoteSwiftPackageReference "kakao-ios-sdk" */;
			productName = KakaoSDKUser;
		};
		9CB740662BDB9263009C1525 /* Kingfisher */ = {
			isa = XCSwiftPackageProductDependency;
			package = 9CB740652BDB9263009C1525 /* XCRemoteSwiftPackageReference "Kingfisher" */;
			productName = Kingfisher;
		};
/* End XCSwiftPackageProductDependency section */

/* Begin XCVersionGroup section */
		FF8F7CBE2BD6349B001A046A /* OttukiDinning.xcdatamodeld */ = {
			isa = XCVersionGroup;
			children = (
				FF8F7CBF2BD6349B001A046A /* OttukiDinning.xcdatamodel */,
			);
			currentVersion = FF8F7CBF2BD6349B001A046A /* OttukiDinning.xcdatamodel */;
			path = OttukiDinning.xcdatamodeld;
			sourceTree = "<group>";
			versionGroupType = wrapper.xcdatamodel;
		};
/* End XCVersionGroup section */
	};
	rootObject = FF8F7CAA2BD6349B001A046A /* Project object */;
}
