{
  "originHash" : "6c27ed622f084c335ec63377c023b6c62efba996c3e227dfab5d83c98d3ed9c2",
  "pins" : [
    {
      "identity" : "alamofire",
      "kind" : "remoteSourceControl",
      "location" : "https://github.com/Alamofire/Alamofire.git",
      "state" : {
        "revision" : "f455c2975872ccd2d9c81594c658af65716e9b9a",
        "version" : "5.9.1"
      }
    },
    {
      "identity" : "kakaomapssdk-spm",
      "kind" : "remoteSourceControl",
      "location" : "https://github.com/kakao-mapsSDK/KakaoMapsSDK-SPM.git",
      "state" : {
        "revision" : "c1571d411caca22ad6e3e76a593e0b95b3586fb7",
        "version" : "2.10.4"
      }
    }
  ],
  "version" : 3
}
